
Microsoft Visual Studio Solution File, Format Version 12.00
# Visual Studio Version 17
VisualStudioVersion = 17.2.32616.157
MinimumVisualStudioVersion = 10.0.40219.1
Project("{9A19103F-16F7-4668-BE54-9A1E7A4F7556}") = "Entities", "Entities\Entities.csproj", "{8C5F5845-F76E-4DB0-9798-FEC88CF88F97}"
EndProject
Project("{9A19103F-16F7-4668-BE54-9A1E7A4F7556}") = "DataAccess", "DataAccess\DataAccess.csproj", "{FC8B4F97-41E5-4945-8269-F3EEDCBAB620}"
EndProject
Project("{9A19103F-16F7-4668-BE54-9A1E7A4F7556}") = "Business", "Business\Business.csproj", "{C05F71D6-4B43-49EB-807E-D82C92787B7E}"
EndProject
Project("{9A19103F-16F7-4668-BE54-9A1E7A4F7556}") = "MVC", "MVC\MVC.csproj", "{24EE38A2-7BBB-465F-9B8E-E1BA75D747A7}"
EndProject
Global
	GlobalSection(SolutionConfigurationPlatforms) = preSolution
		Debug|Any CPU = Debug|Any CPU
		Release|Any CPU = Release|Any CPU
	EndGlobalSection
	GlobalSection(ProjectConfigurationPlatforms) = postSolution
		{8C5F5845-F76E-4DB0-9798-FEC88CF88F97}.Debug|Any CPU.ActiveCfg = Debug|Any CPU
		{8C5F5845-F76E-4DB0-9798-FEC88CF88F97}.Debug|Any CPU.Build.0 = Debug|Any CPU
		{8C5F5845-F76E-4DB0-9798-FEC88CF88F97}.Release|Any CPU.ActiveCfg = Release|Any CPU
		{8C5F5845-F76E-4DB0-9798-FEC88CF88F97}.Release|Any CPU.Build.0 = Release|Any CPU
		{FC8B4F97-41E5-4945-8269-F3EEDCBAB620}.Debug|Any CPU.ActiveCfg = Debug|Any CPU
		{FC8B4F97-41E5-4945-8269-F3EEDCBAB620}.Debug|Any CPU.Build.0 = Debug|Any CPU
		{FC8B4F97-41E5-4945-8269-F3EEDCBAB620}.Release|Any CPU.ActiveCfg = Release|Any CPU
		{FC8B4F97-41E5-4945-8269-F3EEDCBAB620}.Release|Any CPU.Build.0 = Release|Any CPU
		{C05F71D6-4B43-49EB-807E-D82C92787B7E}.Debug|Any CPU.ActiveCfg = Debug|Any CPU
		{C05F71D6-4B43-49EB-807E-D82C92787B7E}.Debug|Any CPU.Build.0 = Debug|Any CPU
		{C05F71D6-4B43-49EB-807E-D82C92787B7E}.Release|Any CPU.ActiveCfg = Release|Any CPU
		{C05F71D6-4B43-49EB-807E-D82C92787B7E}.Release|Any CPU.Build.0 = Release|Any CPU
		{24EE38A2-7BBB-465F-9B8E-E1BA75D747A7}.Debug|Any CPU.ActiveCfg = Debug|Any CPU
		{24EE38A2-7BBB-465F-9B8E-E1BA75D747A7}.Debug|Any CPU.Build.0 = Debug|Any CPU
		{24EE38A2-7BBB-465F-9B8E-E1BA75D747A7}.Release|Any CPU.ActiveCfg = Release|Any CPU
		{24EE38A2-7BBB-465F-9B8E-E1BA75D747A7}.Release|Any CPU.Build.0 = Release|Any CPU
	EndGlobalSection
	GlobalSection(SolutionProperties) = preSolution
		HideSolutionNode = FALSE
	EndGlobalSection
	GlobalSection(ExtensibilityGlobals) = postSolution
		SolutionGuid = {1BE3897C-191F-4391-A968-E0075997E751}
	EndGlobalSection
EndGlobal
